// !$*UTF8*$!
{
	archiveVersion = 1;
	classes = {
	};
	objectVersion = 46;
	objects = {

/* Begin PBXBuildFile section */
		14E813D41D517CAF00B885A0 /* main.m in Sources */ = {isa = PBXBuildFile; fileRef = 14E813D31D517CAF00B885A0 /* main.m */; };
		14E813D71D517CAF00B885A0 /* AppDelegate.m in Sources */ = {isa = PBXBuildFile; fileRef = 14E813D61D517CAF00B885A0 /* AppDelegate.m */; };
		14E813DA1D517CAF00B885A0 /* ViewController.m in Sources */ = {isa = PBXBuildFile; fileRef = 14E813D91D517CAF00B885A0 /* ViewController.m */; };
		14E813DD1D517CAF00B885A0 /* Main.storyboard in Resources */ = {isa = PBXBuildFile; fileRef = 14E813DB1D517CAF00B885A0 /* Main.storyboard */; };
		14E813DF1D517CAF00B885A0 /* Assets.xcassets in Resources */ = {isa = PBXBuildFile; fileRef = 14E813DE1D517CAF00B885A0 /* Assets.xcassets */; };
		14E813E21D517CAF00B885A0 /* LaunchScreen.storyboard in Resources */ = {isa = PBXBuildFile; fileRef = 14E813E01D517CAF00B885A0 /* LaunchScreen.storyboard */; };
		14E813ED1D517CAF00B885A0 /* Controlling_UIScrollsTests.m in Sources */ = {isa = PBXBuildFile; fileRef = 14E813EC1D517CAF00B885A0 /* Controlling_UIScrollsTests.m */; };
		14E813F81D517CAF00B885A0 /* Controlling_UIScrollsUITests.m in Sources */ = {isa = PBXBuildFile; fileRef = 14E813F71D517CAF00B885A0 /* Controlling_UIScrollsUITests.m */; };
/* End PBXBuildFile section */

/* Begin PBXContainerItemProxy section */
		14E813E91D517CAF00B885A0 /* PBXContainerItemProxy */ = {
			isa = PBXContainerItemProxy;
			containerPortal = 14E813C71D517CAF00B885A0 /* Project object */;
			proxyType = 1;
			remoteGlobalIDString = 14E813CE1D517CAF00B885A0;
			remoteInfo = "Controlling UIScrolls";
		};
		14E813F41D517CAF00B885A0 /* PBXContainerItemProxy */ = {
			isa = PBXContainerItemProxy;
			containerPortal = 14E813C71D517CAF00B885A0 /* Project object */;
			proxyType = 1;
			remoteGlobalIDString = 14E813CE1D517CAF00B885A0;
			remoteInfo = "Controlling UIScrolls";
		};
/* End PBXContainerItemProxy section */

/* Begin PBXFileReference section */
		14E813CF1D517CAF00B885A0 /* Controlling UIScrolls.app */ = {isa = PBXFileReference; explicitFileType = wrapper.application; includeInIndex = 0; path = "Controlling UIScrolls.app"; sourceTree = BUILT_PRODUCTS_DIR; };
		14E813D31D517CAF00B885A0 /* main.m */ = {isa = PBXFileReference; lastKnownFileType = sourcecode.c.objc; path = main.m; sourceTree = "<group>"; };
		14E813D51D517CAF00B885A0 /* AppDelegate.h */ = {isa = PBXFileReference; lastKnownFileType = sourcecode.c.h; path = AppDelegate.h; sourceTree = "<group>"; };
		14E813D61D517CAF00B885A0 /* AppDelegate.m */ = {isa = PBXFileReference; lastKnownFileType = sourcecode.c.objc; path = AppDelegate.m; sourceTree = "<group>"; };
		14E813D81D517CAF00B885A0 /* ViewController.h */ = {isa = PBXFileReference; lastKnownFileType = sourcecode.c.h; path = ViewController.h; sourceTree = "<group>"; };
		14E813D91D517CAF00B885A0 /* ViewController.m */ = {isa = PBXFileReference; lastKnownFileType = sourcecode.c.objc; path = ViewController.m; sourceTree = "<group>"; };
		14E813DC1D517CAF00B885A0 /* Base */ = {isa = PBXFileReference; lastKnownFileType = file.storyboard; name = Base; path = Base.lproj/Main.storyboard; sourceTree = "<group>"; };
		14E813DE1D517CAF00B885A0 /* Assets.xcassets */ = {isa = PBXFileReference; lastKnownFileType = folder.assetcatalog; path = Assets.xcassets; sourceTree = "<group>"; };
		14E813E11D517CAF00B885A0 /* Base */ = {isa = PBXFileReference; lastKnownFileType = file.storyboard; name = Base; path = Base.lproj/LaunchScreen.storyboard; sourceTree = "<group>"; };
		14E813E31D517CAF00B885A0 /* Info.plist */ = {isa = PBXFileReference; lastKnownFileType = text.plist.xml; path = Info.plist; sourceTree = "<group>"; };
		14E813E81D517CAF00B885A0 /* Controlling UIScrollsTests.xctest */ = {isa = PBXFileReference; explicitFileType = wrapper.cfbundle; includeInIndex = 0; path = "Controlling UIScrollsTests.xctest"; sourceTree = BUILT_PRODUCTS_DIR; };
		14E813EC1D517CAF00B885A0 /* Controlling_UIScrollsTests.m */ = {isa = PBXFileReference; lastKnownFileType = sourcecode.c.objc; path = Controlling_UIScrollsTests.m; sourceTree = "<group>"; };
		14E813EE1D517CAF00B885A0 /* Info.plist */ = {isa = PBXFileReference; lastKnownFileType = text.plist.xml; path = Info.plist; sourceTree = "<group>"; };
		14E813F31D517CAF00B885A0 /* Controlling UIScrollsUITests.xctest */ = {isa = PBXFileReference; explicitFileType = wrapper.cfbundle; includeInIndex = 0; path = "Controlling UIScrollsUITests.xctest"; sourceTree = BUILT_PRODUCTS_DIR; };
		14E813F71D517CAF00B885A0 /* Controlling_UIScrollsUITests.m */ = {isa = PBXFileReference; lastKnownFileType = sourcecode.c.objc; path = Controlling_UIScrollsUITests.m; sourceTree = "<group>"; };
		14E813F91D517CAF00B885A0 /* Info.plist */ = {isa = PBXFileReference; lastKnownFileType = text.plist.xml; path = Info.plist; sourceTree = "<group>"; };
/* End PBXFileReference section */

/* Begin PBXFrameworksBuildPhase section */
		14E813CC1D517CAF00B885A0 /* Frameworks */ = {
			isa = PBXFrameworksBuildPhase;
			buildActionMask = 2147483647;
			files = (
			);
			runOnlyForDeploymentPostprocessing = 0;
		};
		14E813E51D517CAF00B885A0 /* Frameworks */ = {
			isa = PBXFrameworksBuildPhase;
			buildActionMask = 2147483647;
			files = (
			);
			runOnlyForDeploymentPostprocessing = 0;
		};
		14E813F01D517CAF00B885A0 /* Frameworks */ = {
			isa = PBXFrameworksBuildPhase;
			buildActionMask = 2147483647;
			files = (
			);
			runOnlyForDeploymentPostprocessing = 0;
		};
/* End PBXFrameworksBuildPhase section */

/* Begin PBXGroup section */
		14E813C61D517CAF00B885A0 = {
			isa = PBXGroup;
			children = (
				14E813D11D517CAF00B885A0 /* Controlling UIScrolls */,
				14E813EB1D517CAF00B885A0 /* Controlling UIScrollsTests */,
				14E813F61D517CAF00B885A0 /* Controlling UIScrollsUITests */,
				14E813D01D517CAF00B885A0 /* Products */,
			);
			sourceTree = "<group>";
		};
		14E813D01D517CAF00B885A0 /* Products */ = {
			isa = PBXGroup;
			children = (
				14E813CF1D517CAF00B885A0 /* Controlling UIScrolls.app */,
				14E813E81D517CAF00B885A0 /* Controlling UIScrollsTests.xctest */,
				14E813F31D517CAF00B885A0 /* Controlling UIScrollsUITests.xctest */,
			);
			name = Products;
			sourceTree = "<group>";
		};
		14E813D11D517CAF00B885A0 /* Controlling UIScrolls */ = {
			isa = PBXGroup;
			children = (
				14E813D51D517CAF00B885A0 /* AppDelegate.h */,
				14E813D61D517CAF00B885A0 /* AppDelegate.m */,
				14E813D81D517CAF00B885A0 /* ViewController.h */,
				14E813D91D517CAF00B885A0 /* ViewController.m */,
				14E813DB1D517CAF00B885A0 /* Main.storyboard */,
				14E813DE1D517CAF00B885A0 /* Assets.xcassets */,
				14E813E01D517CAF00B885A0 /* LaunchScreen.storyboard */,
				14E813E31D517CAF00B885A0 /* Info.plist */,
				14E813D21D517CAF00B885A0 /* Supporting Files */,
			);
			path = "Controlling UIScrolls";
			sourceTree = "<group>";
		};
		14E813D21D517CAF00B885A0 /* Supporting Files */ = {
			isa = PBXGroup;
			children = (
				14E813D31D517CAF00B885A0 /* main.m */,
			);
			name = "Supporting Files";
			sourceTree = "<group>";
		};
		14E813EB1D517CAF00B885A0 /* Controlling UIScrollsTests */ = {
			isa = PBXGroup;
			children = (
				14E813EC1D517CAF00B885A0 /* Controlling_UIScrollsTests.m */,
				14E813EE1D517CAF00B885A0 /* Info.plist */,
			);
			path = "Controlling UIScrollsTests";
			sourceTree = "<group>";
		};
		14E813F61D517CAF00B885A0 /* Controlling UIScrollsUITests */ = {
			isa = PBXGroup;
			children = (
				14E813F71D517CAF00B885A0 /* Controlling_UIScrollsUITests.m */,
				14E813F91D517CAF00B885A0 /* Info.plist */,
			);
			path = "Controlling UIScrollsUITests";
			sourceTree = "<group>";
		};
/* End PBXGroup section */

/* Begin PBXNativeTarget section */
		14E813CE1D517CAF00B885A0 /* Controlling UIScrolls */ = {
			isa = PBXNativeTarget;
			buildConfigurationList = 14E813FC1D517CAF00B885A0 /* Build configuration list for PBXNativeTarget "Controlling UIScrolls" */;
			buildPhases = (
				14E813CB1D517CAF00B885A0 /* Sources */,
				14E813CC1D517CAF00B885A0 /* Frameworks */,
				14E813CD1D517CAF00B885A0 /* Resources */,
			);
			buildRules = (
			);
			dependencies = (
			);
			name = "Controlling UIScrolls";
			productName = "Controlling UIScrolls";
			productReference = 14E813CF1D517CAF00B885A0 /* Controlling UIScrolls.app */;
			productType = "com.apple.product-type.application";
		};
		14E813E71D517CAF00B885A0 /* Controlling UIScrollsTests */ = {
			isa = PBXNativeTarget;
			buildConfigurationList = 14E813FF1D517CAF00B885A0 /* Build configuration list for PBXNativeTarget "Controlling UIScrollsTests" */;
			buildPhases = (
				14E813E41D517CAF00B885A0 /* Sources */,
				14E813E51D517CAF00B885A0 /* Frameworks */,
				14E813E61D517CAF00B885A0 /* Resources */,
			);
			buildRules = (
			);
			dependencies = (
				14E813EA1D517CAF00B885A0 /* PBXTargetDependency */,
			);
			name = "Controlling UIScrollsTests";
			productName = "Controlling UIScrollsTests";
			productReference = 14E813E81D517CAF00B885A0 /* Controlling UIScrollsTests.xctest */;
			productType = "com.apple.product-type.bundle.unit-test";
		};
		14E813F21D517CAF00B885A0 /* Controlling UIScrollsUITests */ = {
			isa = PBXNativeTarget;
			buildConfigurationList = 14E814021D517CAF00B885A0 /* Build configuration list for PBXNativeTarget "Controlling UIScrollsUITests" */;
			buildPhases = (
				14E813EF1D517CAF00B885A0 /* Sources */,
				14E813F01D517CAF00B885A0 /* Frameworks */,
				14E813F11D517CAF00B885A0 /* Resources */,
			);
			buildRules = (
			);
			dependencies = (
				14E813F51D517CAF00B885A0 /* PBXTargetDependency */,
			);
			name = "Controlling UIScrollsUITests";
			productName = "Controlling UIScrollsUITests";
			productReference = 14E813F31D517CAF00B885A0 /* Controlling UIScrollsUITests.xctest */;
			productType = "com.apple.product-type.bundle.ui-testing";
		};
/* End PBXNativeTarget section */

/* Begin PBXProject section */
		14E813C71D517CAF00B885A0 /* Project object */ = {
			isa = PBXProject;
			attributes = {
				LastUpgradeCheck = 0730;
				ORGANIZATIONNAME = "Michael Gleeson";
				TargetAttributes = {
					14E813CE1D517CAF00B885A0 = {
						CreatedOnToolsVersion = 7.3.1;
						DevelopmentTeam = JYX8C38CC4;
					};
					14E813E71D517CAF00B885A0 = {
						CreatedOnToolsVersion = 7.3.1;
						DevelopmentTeam = JYX8C38CC4;
						TestTargetID = 14E813CE1D517CAF00B885A0;
					};
					14E813F21D517CAF00B885A0 = {
						CreatedOnToolsVersion = 7.3.1;
						DevelopmentTeam = JYX8C38CC4;
						TestTargetID = 14E813CE1D517CAF00B885A0;
					};
				};
			};
			buildConfigurationList = 14E813CA1D517CAF00B885A0 /* Build configuration list for PBXProject "Controlling UIScrolls" */;
			compatibilityVersion = "Xcode 3.2";
			developmentRegion = English;
			hasScannedForEncodings = 0;
			knownRegions = (
				en,
				Base,
			);
			mainGroup = 14E813C61D517CAF00B885A0;
			productRefGroup = 14E813D01D517CAF00B885A0 /* Products */;
			projectDirPath = "";
			projectRoot = "";
			targets = (
				14E813CE1D517CAF00B885A0 /* Controlling UIScrolls */,
				14E813E71D517CAF00B885A0 /* Controlling UIScrollsTests */,
				14E813F21D517CAF00B885A0 /* Controlling UIScrollsUITests */,
			);
		};
/* End PBXProject section */

/* Begin PBXResourcesBuildPhase section */
		14E813CD1D517CAF00B885A0 /* Resources */ = {
			isa = PBXResourcesBuildPhase;
			buildActionMask = 2147483647;
			files = (
				14E813E21D517CAF00B885A0 /* LaunchScreen.storyboard in Resources */,
				14E813DF1D517CAF00B885A0 /* Assets.xcassets in Resources */,
				14E813DD1D517CAF00B885A0 /* Main.storyboard in Resources */,
			);
			runOnlyForDeploymentPostprocessing = 0;
		};
		14E813E61D517CAF00B885A0 /* Resources */ = {
			isa = PBXResourcesBuildPhase;
			buildActionMask = 2147483647;
			files = (
			);
			runOnlyForDeploymentPostprocessing = 0;
		};
		14E813F11D517CAF00B885A0 /* Resources */ = {
			isa = PBXResourcesBuildPhase;
			buildActionMask = 2147483647;
			files = (
			);
			runOnlyForDeploymentPostprocessing = 0;
		};
/* End PBXResourcesBuildPhase section */

/* Begin PBXSourcesBuildPhase section */
		14E813CB1D517CAF00B885A0 /* Sources */ = {
			isa = PBXSourcesBuildPhase;
			buildActionMask = 2147483647;
			files = (
				14E813DA1D517CAF00B885A0 /* ViewController.m in Sources */,
				14E813D71D517CAF00B885A0 /* AppDelegate.m in Sources */,
				14E813D41D517CAF00B885A0 /* main.m in Sources */,
			);
			runOnlyForDeploymentPostprocessing = 0;
		};
		14E813E41D517CAF00B885A0 /* Sources */ = {
			isa = PBXSourcesBuildPhase;
			buildActionMask = 2147483647;
			files = (
				14E813ED1D517CAF00B885A0 /* Controlling_UIScrollsTests.m in Sources */,
			);
			runOnlyForDeploymentPostprocessing = 0;
		};
		14E813EF1D517CAF00B885A0 /* Sources */ = {
			isa = PBXSourcesBuildPhase;
			buildActionMask = 2147483647;
			files = (
				14E813F81D517CAF00B885A0 /* Controlling_UIScrollsUITests.m in Sources */,
			);
			runOnlyForDeploymentPostprocessing = 0;
		};
/* End PBXSourcesBuildPhase section */

/* Begin PBXTargetDependency section */
		14E813EA1D517CAF00B885A0 /* PBXTargetDependency */ = {
			isa = PBXTargetDependency;
			target = 14E813CE1D517CAF00B885A0 /* Controlling UIScrolls */;
			targetProxy = 14E813E91D517CAF00B885A0 /* PBXContainerItemProxy */;
		};
		14E813F51D517CAF00B885A0 /* PBXTargetDependency */ = {
			isa = PBXTargetDependency;
			target = 14E813CE1D517CAF00B885A0 /* Controlling UIScrolls */;
			targetProxy = 14E813F41D517CAF00B885A0 /* PBXContainerItemProxy */;
		};
/* End PBXTargetDependency section */

/* Begin PBXVariantGroup section */
		14E813DB1D517CAF00B885A0 /* Main.storyboard */ = {
			isa = PBXVariantGroup;
			children = (
				14E813DC1D517CAF00B885A0 /* Base */,
			);
			name = Main.storyboard;
			sourceTree = "<group>";
		};
		14E813E01D517CAF00B885A0 /* LaunchScreen.storyboard */ = {
			isa = PBXVariantGroup;
			children = (
				14E813E11D517CAF00B885A0 /* Base */,
			);
			name = LaunchScreen.storyboard;
			sourceTree = "<group>";
		};
/* End PBXVariantGroup section */

/* Begin XCBuildConfiguration section */
		14E813FA1D517CAF00B885A0 /* Debug */ = {
			isa = XCBuildConfiguration;
			buildSettings = {
				ALWAYS_SEARCH_USER_PATHS = NO;
				CLANG_ANALYZER_NONNULL = YES;
				CLANG_CXX_LANGUAGE_STANDARD = "gnu++0x";
				CLANG_CXX_LIBRARY = "libc++";
				CLANG_ENABLE_MODULES = YES;
				CLANG_ENABLE_OBJC_ARC = YES;
				CLANG_WARN_BOOL_CONVERSION = YES;
				CLANG_WARN_CONSTANT_CONVERSION = YES;
				CLANG_WARN_DIRECT_OBJC_ISA_USAGE = YES_ERROR;
				CLANG_WARN_EMPTY_BODY = YES;
				CLANG_WARN_ENUM_CONVERSION = YES;
				CLANG_WARN_INT_CONVERSION = YES;
				CLANG_WARN_OBJC_ROOT_CLASS = YES_ERROR;
				CLANG_WARN_UNREACHABLE_CODE = YES;
				CLANG_WARN__DUPLICATE_METHOD_MATCH = YES;
				"CODE_SIGN_IDENTITY[sdk=iphoneos*]" = "iPhone Developer";
				COPY_PHASE_STRIP = NO;
				DEBUG_INFORMATION_FORMAT = dwarf;
				ENABLE_STRICT_OBJC_MSGSEND = YES;
				ENABLE_TESTABILITY = YES;
				GCC_C_LANGUAGE_STANDARD = gnu99;
				GCC_DYNAMIC_NO_PIC = NO;
				GCC_NO_COMMON_BLOCKS = YES;
				GCC_OPTIMIZATION_LEVEL = 0;
				GCC_PREPROCESSOR_DEFINITIONS = (
					"DEBUG=1",
					"$(inherited)",
				);
				GCC_WARN_64_TO_32_BIT_CONVERSION = YES;
				GCC_WARN_ABOUT_RETURN_TYPE = YES_ERROR;
				GCC_WARN_UNDECLARED_SELECTOR = YES;
				GCC_WARN_UNINITIALIZED_AUTOS = YES_AGGRESSIVE;
				GCC_WARN_UNUSED_FUNCTION = YES;
				GCC_WARN_UNUSED_VARIABLE = YES;
				IPHONEOS_DEPLOYMENT_TARGET = 9.3;
				MTL_ENABLE_DEBUG_INFO = YES;
				ONLY_ACTIVE_ARCH = YES;
				SDKROOT = iphoneos;
				TARGETED_DEVICE_FAMILY = "1,2";
			};
			name = Debug;
		};
		14E813FB1D517CAF00B885A0 /* Release */ = {
			isa = XCBuildConfiguration;
			buildSettings = {
				ALWAYS_SEARCH_USER_PATHS = NO;
				CLANG_ANALYZER_NONNULL = YES;
				CLANG_CXX_LANGUAGE_STANDARD = "gnu++0x";
				CLANG_CXX_LIBRARY = "libc++";
				CLANG_ENABLE_MODULES = YES;
				CLANG_ENABLE_OBJC_ARC = YES;
				CLANG_WARN_BOOL_CONVERSION = YES;
				CLANG_WARN_CONSTANT_CONVERSION = YES;
				CLANG_WARN_DIRECT_OBJC_ISA_USAGE = YES_ERROR;
				CLANG_WARN_EMPTY_BODY = YES;
				CLANG_WARN_ENUM_CONVERSION = YES;
				CLANG_WARN_INT_CONVERSION = YES;
				CLANG_WARN_OBJC_ROOT_CLASS = YES_ERROR;
				CLANG_WARN_UNREACHABLE_CODE = YES;
				CLANG_WARN__DUPLICATE_METHOD_MATCH = YES;
				"CODE_SIGN_IDENTITY[sdk=iphoneos*]" = "iPhone Developer";
				COPY_PHASE_STRIP = NO;
				DEBUG_INFORMATION_FORMAT = "dwarf-with-dsym";
				ENABLE_NS_ASSERTIONS = NO;
				ENABLE_STRICT_OBJC_MSGSEND = YES;
				GCC_C_LANGUAGE_STANDARD = gnu99;
				GCC_NO_COMMON_BLOCKS = YES;
				GCC_WARN_64_TO_32_BIT_CONVERSION = YES;
				GCC_WARN_ABOUT_RETURN_TYPE = YES_ERROR;
				GCC_WARN_UNDECLARED_SELECTOR = YES;
				GCC_WARN_UNINITIALIZED_AUTOS = YES_AGGRESSIVE;
				GCC_WARN_UNUSED_FUNCTION = YES;
				GCC_WARN_UNUSED_VARIABLE = YES;
				IPHONEOS_DEPLOYMENT_TARGET = 9.3;
				MTL_ENABLE_DEBUG_INFO = NO;
				SDKROOT = iphoneos;
				TARGETED_DEVICE_FAMILY = "1,2";
				VALIDATE_PRODUCT = YES;
			};
			name = Release;
		};
		14E813FD1D517CAF00B885A0 /* Debug */ = {
			isa = XCBuildConfiguration;
			buildSettings = {
				ASSETCATALOG_COMPILER_APPICON_NAME = AppIcon;
				INFOPLIST_FILE = "Controlling UIScrolls/Info.plist";
				LD_RUNPATH_SEARCH_PATHS = "$(inherited) @executable_path/Frameworks";
				PRODUCT_BUNDLE_IDENTIFIER = "com.michaelgleeson..Controlling-UIScrolls";
				PRODUCT_NAME = "$(TARGET_NAME)";
			};
			name = Debug;
		};
		14E813FE1D517CAF00B885A0 /* Release */ = {
			isa = XCBuildConfiguration;
			buildSettings = {
				ASSETCATALOG_COMPILER_APPICON_NAME = AppIcon;
				INFOPLIST_FILE = "Controlling UIScrolls/Info.plist";
				LD_RUNPATH_SEARCH_PATHS = "$(inherited) @executable_path/Frameworks";
				PRODUCT_BUNDLE_IDENTIFIER = "com.michaelgleeson..Controlling-UIScrolls";
				PRODUCT_NAME = "$(TARGET_NAME)";
			};
			name = Release;
		};
		14E814001D517CAF00B885A0 /* Debug */ = {
			isa = XCBuildConfiguration;
			buildSettings = {
				BUNDLE_LOADER = "$(TEST_HOST)";
				INFOPLIST_FILE = "Controlling UIScrollsTests/Info.plist";
				LD_RUNPATH_SEARCH_PATHS = "$(inherited) @executable_path/Frameworks @loader_path/Frameworks";
				PRODUCT_BUNDLE_IDENTIFIER = "com.michaelgleeson..Controlling-UIScrollsTests";
				PRODUCT_NAME = "$(TARGET_NAME)";
				TEST_HOST = "$(BUILT_PRODUCTS_DIR)/Controlling UIScrolls.app/Controlling UIScrolls";
			};
			name = Debug;
		};
		14E814011D517CAF00B885A0 /* Release */ = {
			isa = XCBuildConfiguration;
			buildSettings = {
				BUNDLE_LOADER = "$(TEST_HOST)";
				INFOPLIST_FILE = "Controlling UIScrollsTests/Info.plist";
				LD_RUNPATH_SEARCH_PATHS = "$(inherited) @executable_path/Frameworks @loader_path/Frameworks";
				PRODUCT_BUNDLE_IDENTIFIER = "com.michaelgleeson..Controlling-UIScrollsTests";
				PRODUCT_NAME = "$(TARGET_NAME)";
				TEST_HOST = "$(BUILT_PRODUCTS_DIR)/Controlling UIScrolls.app/Controlling UIScrolls";
			};
			name = Release;
		};
		14E814031D517CAF00B885A0 /* Debug */ = {
			isa = XCBuildConfiguration;
			buildSettings = {
				INFOPLIST_FILE = "Controlling UIScrollsUITests/Info.plist";
				LD_RUNPATH_SEARCH_PATHS = "$(inherited) @executable_path/Frameworks @loader_path/Frameworks";
				PRODUCT_BUNDLE_IDENTIFIER = "com.michaelgleeson..Controlling-UIScrollsUITests";
				PRODUCT_NAME = "$(TARGET_NAME)";
				TEST_TARGET_NAME = "Controlling UIScrolls";
			};
			name = Debug;
		};
		14E814041D517CAF00B885A0 /* Release */ = {
			isa = XCBuildConfiguration;
			buildSettings = {
				INFOPLIST_FILE = "Controlling UIScrollsUITests/Info.plist";
				LD_RUNPATH_SEARCH_PATHS = "$(inherited) @executable_path/Frameworks @loader_path/Frameworks";
				PRODUCT_BUNDLE_IDENTIFIER = "com.michaelgleeson..Controlling-UIScrollsUITests";
				PRODUCT_NAME = "$(TARGET_NAME)";
				TEST_TARGET_NAME = "Controlling UIScrolls";
			};
			name = Release;
		};
/* End XCBuildConfiguration section */

/* Begin XCConfigurationList section */
		14E813CA1D517CAF00B885A0 /* Build configuration list for PBXProject "Controlling UIScrolls" */ = {
			isa = XCConfigurationList;
			buildConfigurations = (
				14E813FA1D517CAF00B885A0 /* Debug */,
				14E813FB1D517CAF00B885A0 /* Release */,
			);
			defaultConfigurationIsVisible = 0;
			defaultConfigurationName = Release;
		};
		14E813FC1D517CAF00B885A0 /* Build configuration list for PBXNativeTarget "Controlling UIScrolls" */ = {
			isa = XCConfigurationList;
			buildConfigurations = (
				14E813FD1D517CAF00B885A0 /* Debug */,
				14E813FE1D517CAF00B885A0 /* Release */,
			);
			defaultConfigurationIsVisible = 0;
		};
		14E813FF1D517CAF00B885A0 /* Build configuration list for PBXNativeTarget "Controlling UIScrollsTests" */ = {
			isa = XCConfigurationList;
			buildConfigurations = (
				14E814001D517CAF00B885A0 /* Debug */,
				14E814011D517CAF00B885A0 /* Release */,
			);
			defaultConfigurationIsVisible = 0;
		};
		14E814021D517CAF00B885A0 /* Build configuration list for PBXNativeTarget "Controlling UIScrollsUITests" */ = {
			isa = XCConfigurationList;
			buildConfigurations = (
				14E814031D517CAF00B885A0 /* Debug */,
				14E814041D517CAF00B885A0 /* Release */,
			);
			defaultConfigurationIsVisible = 0;
		};
/* End XCConfigurationList section */
	};
	rootObject = 14E813C71D517CAF00B885A0 /* Project object */;
}
