// !$*UTF8*$!
{
	archiveVersion = 1;
	classes = {
	};
	objectVersion = 46;
	objects = {

/* Begin PBXBuildFile section */
		14A9AD6F1C9A074A0093B519 /* main.m in Sources */ = {isa = PBXBuildFile; fileRef = 14A9AD6E1C9A074A0093B519 /* main.m */; };
		14A9AD721C9A074A0093B519 /* AppDelegate.m in Sources */ = {isa = PBXBuildFile; fileRef = 14A9AD711C9A074A0093B519 /* AppDelegate.m */; };
		14A9AD751C9A074A0093B519 /* ViewController.m in Sources */ = {isa = PBXBuildFile; fileRef = 14A9AD741C9A074A0093B519 /* ViewController.m */; };
		14A9AD781C9A074A0093B519 /* Main.storyboard in Resources */ = {isa = PBXBuildFile; fileRef = 14A9AD761C9A074A0093B519 /* Main.storyboard */; };
		14A9AD7A1C9A074A0093B519 /* Assets.xcassets in Resources */ = {isa = PBXBuildFile; fileRef = 14A9AD791C9A074A0093B519 /* Assets.xcassets */; };
		14A9AD7D1C9A074A0093B519 /* LaunchScreen.storyboard in Resources */ = {isa = PBXBuildFile; fileRef = 14A9AD7B1C9A074A0093B519 /* LaunchScreen.storyboard */; };
		14A9AD881C9A074A0093B519 /* Joke_GeneratorTests.m in Sources */ = {isa = PBXBuildFile; fileRef = 14A9AD871C9A074A0093B519 /* Joke_GeneratorTests.m */; };
		14A9AD931C9A074A0093B519 /* Joke_GeneratorUITests.m in Sources */ = {isa = PBXBuildFile; fileRef = 14A9AD921C9A074A0093B519 /* Joke_GeneratorUITests.m */; };
		14A9ADA11C9A07E30093B519 /* JokeList.plist in Resources */ = {isa = PBXBuildFile; fileRef = 14A9ADA01C9A07E30093B519 /* JokeList.plist */; };
/* End PBXBuildFile section */

/* Begin PBXContainerItemProxy section */
		14A9AD841C9A074A0093B519 /* PBXContainerItemProxy */ = {
			isa = PBXContainerItemProxy;
			containerPortal = 14A9AD621C9A074A0093B519 /* Project object */;
			proxyType = 1;
			remoteGlobalIDString = 14A9AD691C9A074A0093B519;
			remoteInfo = "Joke Generator";
		};
		14A9AD8F1C9A074A0093B519 /* PBXContainerItemProxy */ = {
			isa = PBXContainerItemProxy;
			containerPortal = 14A9AD621C9A074A0093B519 /* Project object */;
			proxyType = 1;
			remoteGlobalIDString = 14A9AD691C9A074A0093B519;
			remoteInfo = "Joke Generator";
		};
/* End PBXContainerItemProxy section */

/* Begin PBXFileReference section */
		14A9AD6A1C9A074A0093B519 /* Joke Generator.app */ = {isa = PBXFileReference; explicitFileType = wrapper.application; includeInIndex = 0; path = "Joke Generator.app"; sourceTree = BUILT_PRODUCTS_DIR; };
		14A9AD6E1C9A074A0093B519 /* main.m */ = {isa = PBXFileReference; lastKnownFileType = sourcecode.c.objc; path = main.m; sourceTree = "<group>"; };
		14A9AD701C9A074A0093B519 /* AppDelegate.h */ = {isa = PBXFileReference; lastKnownFileType = sourcecode.c.h; path = AppDelegate.h; sourceTree = "<group>"; };
		14A9AD711C9A074A0093B519 /* AppDelegate.m */ = {isa = PBXFileReference; lastKnownFileType = sourcecode.c.objc; path = AppDelegate.m; sourceTree = "<group>"; };
		14A9AD731C9A074A0093B519 /* ViewController.h */ = {isa = PBXFileReference; lastKnownFileType = sourcecode.c.h; path = ViewController.h; sourceTree = "<group>"; };
		14A9AD741C9A074A0093B519 /* ViewController.m */ = {isa = PBXFileReference; lastKnownFileType = sourcecode.c.objc; path = ViewController.m; sourceTree = "<group>"; };
		14A9AD771C9A074A0093B519 /* Base */ = {isa = PBXFileReference; lastKnownFileType = file.storyboard; name = Base; path = Base.lproj/Main.storyboard; sourceTree = "<group>"; };
		14A9AD791C9A074A0093B519 /* Assets.xcassets */ = {isa = PBXFileReference; lastKnownFileType = folder.assetcatalog; path = Assets.xcassets; sourceTree = "<group>"; };
		14A9AD7C1C9A074A0093B519 /* Base */ = {isa = PBXFileReference; lastKnownFileType = file.storyboard; name = Base; path = Base.lproj/LaunchScreen.storyboard; sourceTree = "<group>"; };
		14A9AD7E1C9A074A0093B519 /* Info.plist */ = {isa = PBXFileReference; lastKnownFileType = text.plist.xml; path = Info.plist; sourceTree = "<group>"; };
		14A9AD831C9A074A0093B519 /* Joke GeneratorTests.xctest */ = {isa = PBXFileReference; explicitFileType = wrapper.cfbundle; includeInIndex = 0; path = "Joke GeneratorTests.xctest"; sourceTree = BUILT_PRODUCTS_DIR; };
		14A9AD871C9A074A0093B519 /* Joke_GeneratorTests.m */ = {isa = PBXFileReference; lastKnownFileType = sourcecode.c.objc; path = Joke_GeneratorTests.m; sourceTree = "<group>"; };
		14A9AD891C9A074A0093B519 /* Info.plist */ = {isa = PBXFileReference; lastKnownFileType = text.plist.xml; path = Info.plist; sourceTree = "<group>"; };
		14A9AD8E1C9A074A0093B519 /* Joke GeneratorUITests.xctest */ = {isa = PBXFileReference; explicitFileType = wrapper.cfbundle; includeInIndex = 0; path = "Joke GeneratorUITests.xctest"; sourceTree = BUILT_PRODUCTS_DIR; };
		14A9AD921C9A074A0093B519 /* Joke_GeneratorUITests.m */ = {isa = PBXFileReference; lastKnownFileType = sourcecode.c.objc; path = Joke_GeneratorUITests.m; sourceTree = "<group>"; };
		14A9AD941C9A074A0093B519 /* Info.plist */ = {isa = PBXFileReference; lastKnownFileType = text.plist.xml; path = Info.plist; sourceTree = "<group>"; };
		14A9ADA01C9A07E30093B519 /* JokeList.plist */ = {isa = PBXFileReference; fileEncoding = 4; lastKnownFileType = text.plist.xml; path = JokeList.plist; sourceTree = "<group>"; };
/* End PBXFileReference section */

/* Begin PBXFrameworksBuildPhase section */
		14A9AD671C9A074A0093B519 /* Frameworks */ = {
			isa = PBXFrameworksBuildPhase;
			buildActionMask = 2147483647;
			files = (
			);
			runOnlyForDeploymentPostprocessing = 0;
		};
		14A9AD801C9A074A0093B519 /* Frameworks */ = {
			isa = PBXFrameworksBuildPhase;
			buildActionMask = 2147483647;
			files = (
			);
			runOnlyForDeploymentPostprocessing = 0;
		};
		14A9AD8B1C9A074A0093B519 /* Frameworks */ = {
			isa = PBXFrameworksBuildPhase;
			buildActionMask = 2147483647;
			files = (
			);
			runOnlyForDeploymentPostprocessing = 0;
		};
/* End PBXFrameworksBuildPhase section */

/* Begin PBXGroup section */
		14A9AD611C9A074A0093B519 = {
			isa = PBXGroup;
			children = (
				14A9AD6C1C9A074A0093B519 /* Joke Generator */,
				14A9AD861C9A074A0093B519 /* Joke GeneratorTests */,
				14A9AD911C9A074A0093B519 /* Joke GeneratorUITests */,
				14A9AD6B1C9A074A0093B519 /* Products */,
			);
			sourceTree = "<group>";
		};
		14A9AD6B1C9A074A0093B519 /* Products */ = {
			isa = PBXGroup;
			children = (
				14A9AD6A1C9A074A0093B519 /* Joke Generator.app */,
				14A9AD831C9A074A0093B519 /* Joke GeneratorTests.xctest */,
				14A9AD8E1C9A074A0093B519 /* Joke GeneratorUITests.xctest */,
			);
			name = Products;
			sourceTree = "<group>";
		};
		14A9AD6C1C9A074A0093B519 /* Joke Generator */ = {
			isa = PBXGroup;
			children = (
				14A9AD701C9A074A0093B519 /* AppDelegate.h */,
				14A9AD711C9A074A0093B519 /* AppDelegate.m */,
				14A9AD731C9A074A0093B519 /* ViewController.h */,
				14A9AD741C9A074A0093B519 /* ViewController.m */,
				14A9AD761C9A074A0093B519 /* Main.storyboard */,
				14A9AD791C9A074A0093B519 /* Assets.xcassets */,
				14A9AD7B1C9A074A0093B519 /* LaunchScreen.storyboard */,
				14A9AD7E1C9A074A0093B519 /* Info.plist */,
				14A9AD6D1C9A074A0093B519 /* Supporting Files */,
				14A9ADA01C9A07E30093B519 /* JokeList.plist */,
			);
			path = "Joke Generator";
			sourceTree = "<group>";
		};
		14A9AD6D1C9A074A0093B519 /* Supporting Files */ = {
			isa = PBXGroup;
			children = (
				14A9AD6E1C9A074A0093B519 /* main.m */,
			);
			name = "Supporting Files";
			sourceTree = "<group>";
		};
		14A9AD861C9A074A0093B519 /* Joke GeneratorTests */ = {
			isa = PBXGroup;
			children = (
				14A9AD871C9A074A0093B519 /* Joke_GeneratorTests.m */,
				14A9AD891C9A074A0093B519 /* Info.plist */,
			);
			path = "Joke GeneratorTests";
			sourceTree = "<group>";
		};
		14A9AD911C9A074A0093B519 /* Joke GeneratorUITests */ = {
			isa = PBXGroup;
			children = (
				14A9AD921C9A074A0093B519 /* Joke_GeneratorUITests.m */,
				14A9AD941C9A074A0093B519 /* Info.plist */,
			);
			path = "Joke GeneratorUITests";
			sourceTree = "<group>";
		};
/* End PBXGroup section */

/* Begin PBXNativeTarget section */
		14A9AD691C9A074A0093B519 /* Joke Generator */ = {
			isa = PBXNativeTarget;
			buildConfigurationList = 14A9AD971C9A074A0093B519 /* Build configuration list for PBXNativeTarget "Joke Generator" */;
			buildPhases = (
				14A9AD661C9A074A0093B519 /* Sources */,
				14A9AD671C9A074A0093B519 /* Frameworks */,
				14A9AD681C9A074A0093B519 /* Resources */,
			);
			buildRules = (
			);
			dependencies = (
			);
			name = "Joke Generator";
			productName = "Joke Generator";
			productReference = 14A9AD6A1C9A074A0093B519 /* Joke Generator.app */;
			productType = "com.apple.product-type.application";
		};
		14A9AD821C9A074A0093B519 /* Joke GeneratorTests */ = {
			isa = PBXNativeTarget;
			buildConfigurationList = 14A9AD9A1C9A074A0093B519 /* Build configuration list for PBXNativeTarget "Joke GeneratorTests" */;
			buildPhases = (
				14A9AD7F1C9A074A0093B519 /* Sources */,
				14A9AD801C9A074A0093B519 /* Frameworks */,
				14A9AD811C9A074A0093B519 /* Resources */,
			);
			buildRules = (
			);
			dependencies = (
				14A9AD851C9A074A0093B519 /* PBXTargetDependency */,
			);
			name = "Joke GeneratorTests";
			productName = "Joke GeneratorTests";
			productReference = 14A9AD831C9A074A0093B519 /* Joke GeneratorTests.xctest */;
			productType = "com.apple.product-type.bundle.unit-test";
		};
		14A9AD8D1C9A074A0093B519 /* Joke GeneratorUITests */ = {
			isa = PBXNativeTarget;
			buildConfigurationList = 14A9AD9D1C9A074A0093B519 /* Build configuration list for PBXNativeTarget "Joke GeneratorUITests" */;
			buildPhases = (
				14A9AD8A1C9A074A0093B519 /* Sources */,
				14A9AD8B1C9A074A0093B519 /* Frameworks */,
				14A9AD8C1C9A074A0093B519 /* Resources */,
			);
			buildRules = (
			);
			dependencies = (
				14A9AD901C9A074A0093B519 /* PBXTargetDependency */,
			);
			name = "Joke GeneratorUITests";
			productName = "Joke GeneratorUITests";
			productReference = 14A9AD8E1C9A074A0093B519 /* Joke GeneratorUITests.xctest */;
			productType = "com.apple.product-type.bundle.ui-testing";
		};
/* End PBXNativeTarget section */

/* Begin PBXProject section */
		14A9AD621C9A074A0093B519 /* Project object */ = {
			isa = PBXProject;
			attributes = {
				LastUpgradeCheck = 0720;
				ORGANIZATIONNAME = "Michael Gleeson";
				TargetAttributes = {
					14A9AD691C9A074A0093B519 = {
						CreatedOnToolsVersion = 7.2.1;
						DevelopmentTeam = JYX8C38CC4;
					};
					14A9AD821C9A074A0093B519 = {
						CreatedOnToolsVersion = 7.2.1;
						DevelopmentTeam = JYX8C38CC4;
						TestTargetID = 14A9AD691C9A074A0093B519;
					};
					14A9AD8D1C9A074A0093B519 = {
						CreatedOnToolsVersion = 7.2.1;
						DevelopmentTeam = JYX8C38CC4;
						TestTargetID = 14A9AD691C9A074A0093B519;
					};
				};
			};
			buildConfigurationList = 14A9AD651C9A074A0093B519 /* Build configuration list for PBXProject "Joke Generator" */;
			compatibilityVersion = "Xcode 3.2";
			developmentRegion = English;
			hasScannedForEncodings = 0;
			knownRegions = (
				en,
				Base,
			);
			mainGroup = 14A9AD611C9A074A0093B519;
			productRefGroup = 14A9AD6B1C9A074A0093B519 /* Products */;
			projectDirPath = "";
			projectRoot = "";
			targets = (
				14A9AD691C9A074A0093B519 /* Joke Generator */,
				14A9AD821C9A074A0093B519 /* Joke GeneratorTests */,
				14A9AD8D1C9A074A0093B519 /* Joke GeneratorUITests */,
			);
		};
/* End PBXProject section */

/* Begin PBXResourcesBuildPhase section */
		14A9AD681C9A074A0093B519 /* Resources */ = {
			isa = PBXResourcesBuildPhase;
			buildActionMask = 2147483647;
			files = (
				14A9AD7D1C9A074A0093B519 /* LaunchScreen.storyboard in Resources */,
				14A9ADA11C9A07E30093B519 /* JokeList.plist in Resources */,
				14A9AD7A1C9A074A0093B519 /* Assets.xcassets in Resources */,
				14A9AD781C9A074A0093B519 /* Main.storyboard in Resources */,
			);
			runOnlyForDeploymentPostprocessing = 0;
		};
		14A9AD811C9A074A0093B519 /* Resources */ = {
			isa = PBXResourcesBuildPhase;
			buildActionMask = 2147483647;
			files = (
			);
			runOnlyForDeploymentPostprocessing = 0;
		};
		14A9AD8C1C9A074A0093B519 /* Resources */ = {
			isa = PBXResourcesBuildPhase;
			buildActionMask = 2147483647;
			files = (
			);
			runOnlyForDeploymentPostprocessing = 0;
		};
/* End PBXResourcesBuildPhase section */

/* Begin PBXSourcesBuildPhase section */
		14A9AD661C9A074A0093B519 /* Sources */ = {
			isa = PBXSourcesBuildPhase;
			buildActionMask = 2147483647;
			files = (
				14A9AD751C9A074A0093B519 /* ViewController.m in Sources */,
				14A9AD721C9A074A0093B519 /* AppDelegate.m in Sources */,
				14A9AD6F1C9A074A0093B519 /* main.m in Sources */,
			);
			runOnlyForDeploymentPostprocessing = 0;
		};
		14A9AD7F1C9A074A0093B519 /* Sources */ = {
			isa = PBXSourcesBuildPhase;
			buildActionMask = 2147483647;
			files = (
				14A9AD881C9A074A0093B519 /* Joke_GeneratorTests.m in Sources */,
			);
			runOnlyForDeploymentPostprocessing = 0;
		};
		14A9AD8A1C9A074A0093B519 /* Sources */ = {
			isa = PBXSourcesBuildPhase;
			buildActionMask = 2147483647;
			files = (
				14A9AD931C9A074A0093B519 /* Joke_GeneratorUITests.m in Sources */,
			);
			runOnlyForDeploymentPostprocessing = 0;
		};
/* End PBXSourcesBuildPhase section */

/* Begin PBXTargetDependency section */
		14A9AD851C9A074A0093B519 /* PBXTargetDependency */ = {
			isa = PBXTargetDependency;
			target = 14A9AD691C9A074A0093B519 /* Joke Generator */;
			targetProxy = 14A9AD841C9A074A0093B519 /* PBXContainerItemProxy */;
		};
		14A9AD901C9A074A0093B519 /* PBXTargetDependency */ = {
			isa = PBXTargetDependency;
			target = 14A9AD691C9A074A0093B519 /* Joke Generator */;
			targetProxy = 14A9AD8F1C9A074A0093B519 /* PBXContainerItemProxy */;
		};
/* End PBXTargetDependency section */

/* Begin PBXVariantGroup section */
		14A9AD761C9A074A0093B519 /* Main.storyboard */ = {
			isa = PBXVariantGroup;
			children = (
				14A9AD771C9A074A0093B519 /* Base */,
			);
			name = Main.storyboard;
			sourceTree = "<group>";
		};
		14A9AD7B1C9A074A0093B519 /* LaunchScreen.storyboard */ = {
			isa = PBXVariantGroup;
			children = (
				14A9AD7C1C9A074A0093B519 /* Base */,
			);
			name = LaunchScreen.storyboard;
			sourceTree = "<group>";
		};
/* End PBXVariantGroup section */

/* Begin XCBuildConfiguration section */
		14A9AD951C9A074A0093B519 /* Debug */ = {
			isa = XCBuildConfiguration;
			buildSettings = {
				ALWAYS_SEARCH_USER_PATHS = NO;
				CLANG_CXX_LANGUAGE_STANDARD = "gnu++0x";
				CLANG_CXX_LIBRARY = "libc++";
				CLANG_ENABLE_MODULES = YES;
				CLANG_ENABLE_OBJC_ARC = YES;
				CLANG_WARN_BOOL_CONVERSION = YES;
				CLANG_WARN_CONSTANT_CONVERSION = YES;
				CLANG_WARN_DIRECT_OBJC_ISA_USAGE = YES_ERROR;
				CLANG_WARN_EMPTY_BODY = YES;
				CLANG_WARN_ENUM_CONVERSION = YES;
				CLANG_WARN_INT_CONVERSION = YES;
				CLANG_WARN_OBJC_ROOT_CLASS = YES_ERROR;
				CLANG_WARN_UNREACHABLE_CODE = YES;
				CLANG_WARN__DUPLICATE_METHOD_MATCH = YES;
				"CODE_SIGN_IDENTITY[sdk=iphoneos*]" = "iPhone Developer";
				COPY_PHASE_STRIP = NO;
				DEBUG_INFORMATION_FORMAT = dwarf;
				ENABLE_STRICT_OBJC_MSGSEND = YES;
				ENABLE_TESTABILITY = YES;
				GCC_C_LANGUAGE_STANDARD = gnu99;
				GCC_DYNAMIC_NO_PIC = NO;
				GCC_NO_COMMON_BLOCKS = YES;
				GCC_OPTIMIZATION_LEVEL = 0;
				GCC_PREPROCESSOR_DEFINITIONS = (
					"DEBUG=1",
					"$(inherited)",
				);
				GCC_WARN_64_TO_32_BIT_CONVERSION = YES;
				GCC_WARN_ABOUT_RETURN_TYPE = YES_ERROR;
				GCC_WARN_UNDECLARED_SELECTOR = YES;
				GCC_WARN_UNINITIALIZED_AUTOS = YES_AGGRESSIVE;
				GCC_WARN_UNUSED_FUNCTION = YES;
				GCC_WARN_UNUSED_VARIABLE = YES;
				IPHONEOS_DEPLOYMENT_TARGET = 9.2;
				MTL_ENABLE_DEBUG_INFO = YES;
				ONLY_ACTIVE_ARCH = YES;
				SDKROOT = iphoneos;
				TARGETED_DEVICE_FAMILY = "1,2";
			};
			name = Debug;
		};
		14A9AD961C9A074A0093B519 /* Release */ = {
			isa = XCBuildConfiguration;
			buildSettings = {
				ALWAYS_SEARCH_USER_PATHS = NO;
				CLANG_CXX_LANGUAGE_STANDARD = "gnu++0x";
				CLANG_CXX_LIBRARY = "libc++";
				CLANG_ENABLE_MODULES = YES;
				CLANG_ENABLE_OBJC_ARC = YES;
				CLANG_WARN_BOOL_CONVERSION = YES;
				CLANG_WARN_CONSTANT_CONVERSION = YES;
				CLANG_WARN_DIRECT_OBJC_ISA_USAGE = YES_ERROR;
				CLANG_WARN_EMPTY_BODY = YES;
				CLANG_WARN_ENUM_CONVERSION = YES;
				CLANG_WARN_INT_CONVERSION = YES;
				CLANG_WARN_OBJC_ROOT_CLASS = YES_ERROR;
				CLANG_WARN_UNREACHABLE_CODE = YES;
				CLANG_WARN__DUPLICATE_METHOD_MATCH = YES;
				"CODE_SIGN_IDENTITY[sdk=iphoneos*]" = "iPhone Developer";
				COPY_PHASE_STRIP = NO;
				DEBUG_INFORMATION_FORMAT = "dwarf-with-dsym";
				ENABLE_NS_ASSERTIONS = NO;
				ENABLE_STRICT_OBJC_MSGSEND = YES;
				GCC_C_LANGUAGE_STANDARD = gnu99;
				GCC_NO_COMMON_BLOCKS = YES;
				GCC_WARN_64_TO_32_BIT_CONVERSION = YES;
				GCC_WARN_ABOUT_RETURN_TYPE = YES_ERROR;
				GCC_WARN_UNDECLARED_SELECTOR = YES;
				GCC_WARN_UNINITIALIZED_AUTOS = YES_AGGRESSIVE;
				GCC_WARN_UNUSED_FUNCTION = YES;
				GCC_WARN_UNUSED_VARIABLE = YES;
				IPHONEOS_DEPLOYMENT_TARGET = 9.2;
				MTL_ENABLE_DEBUG_INFO = NO;
				SDKROOT = iphoneos;
				TARGETED_DEVICE_FAMILY = "1,2";
				VALIDATE_PRODUCT = YES;
			};
			name = Release;
		};
		14A9AD981C9A074A0093B519 /* Debug */ = {
			isa = XCBuildConfiguration;
			buildSettings = {
				ASSETCATALOG_COMPILER_APPICON_NAME = AppIcon;
				INFOPLIST_FILE = "Joke Generator/Info.plist";
				LD_RUNPATH_SEARCH_PATHS = "$(inherited) @executable_path/Frameworks";
				PRODUCT_BUNDLE_IDENTIFIER = "com.michaelgleeson..Joke-Generator";
				PRODUCT_NAME = "$(TARGET_NAME)";
			};
			name = Debug;
		};
		14A9AD991C9A074A0093B519 /* Release */ = {
			isa = XCBuildConfiguration;
			buildSettings = {
				ASSETCATALOG_COMPILER_APPICON_NAME = AppIcon;
				INFOPLIST_FILE = "Joke Generator/Info.plist";
				LD_RUNPATH_SEARCH_PATHS = "$(inherited) @executable_path/Frameworks";
				PRODUCT_BUNDLE_IDENTIFIER = "com.michaelgleeson..Joke-Generator";
				PRODUCT_NAME = "$(TARGET_NAME)";
			};
			name = Release;
		};
		14A9AD9B1C9A074A0093B519 /* Debug */ = {
			isa = XCBuildConfiguration;
			buildSettings = {
				BUNDLE_LOADER = "$(TEST_HOST)";
				INFOPLIST_FILE = "Joke GeneratorTests/Info.plist";
				LD_RUNPATH_SEARCH_PATHS = "$(inherited) @executable_path/Frameworks @loader_path/Frameworks";
				PRODUCT_BUNDLE_IDENTIFIER = "com.michaelgleeson..Joke-GeneratorTests";
				PRODUCT_NAME = "$(TARGET_NAME)";
				TEST_HOST = "$(BUILT_PRODUCTS_DIR)/Joke Generator.app/Joke Generator";
			};
			name = Debug;
		};
		14A9AD9C1C9A074A0093B519 /* Release */ = {
			isa = XCBuildConfiguration;
			buildSettings = {
				BUNDLE_LOADER = "$(TEST_HOST)";
				INFOPLIST_FILE = "Joke GeneratorTests/Info.plist";
				LD_RUNPATH_SEARCH_PATHS = "$(inherited) @executable_path/Frameworks @loader_path/Frameworks";
				PRODUCT_BUNDLE_IDENTIFIER = "com.michaelgleeson..Joke-GeneratorTests";
				PRODUCT_NAME = "$(TARGET_NAME)";
				TEST_HOST = "$(BUILT_PRODUCTS_DIR)/Joke Generator.app/Joke Generator";
			};
			name = Release;
		};
		14A9AD9E1C9A074A0093B519 /* Debug */ = {
			isa = XCBuildConfiguration;
			buildSettings = {
				INFOPLIST_FILE = "Joke GeneratorUITests/Info.plist";
				LD_RUNPATH_SEARCH_PATHS = "$(inherited) @executable_path/Frameworks @loader_path/Frameworks";
				PRODUCT_BUNDLE_IDENTIFIER = "com.michaelgleeson..Joke-GeneratorUITests";
				PRODUCT_NAME = "$(TARGET_NAME)";
				TEST_TARGET_NAME = "Joke Generator";
				USES_XCTRUNNER = YES;
			};
			name = Debug;
		};
		14A9AD9F1C9A074A0093B519 /* Release */ = {
			isa = XCBuildConfiguration;
			buildSettings = {
				INFOPLIST_FILE = "Joke GeneratorUITests/Info.plist";
				LD_RUNPATH_SEARCH_PATHS = "$(inherited) @executable_path/Frameworks @loader_path/Frameworks";
				PRODUCT_BUNDLE_IDENTIFIER = "com.michaelgleeson..Joke-GeneratorUITests";
				PRODUCT_NAME = "$(TARGET_NAME)";
				TEST_TARGET_NAME = "Joke Generator";
				USES_XCTRUNNER = YES;
			};
			name = Release;
		};
/* End XCBuildConfiguration section */

/* Begin XCConfigurationList section */
		14A9AD651C9A074A0093B519 /* Build configuration list for PBXProject "Joke Generator" */ = {
			isa = XCConfigurationList;
			buildConfigurations = (
				14A9AD951C9A074A0093B519 /* Debug */,
				14A9AD961C9A074A0093B519 /* Release */,
			);
			defaultConfigurationIsVisible = 0;
			defaultConfigurationName = Release;
		};
		14A9AD971C9A074A0093B519 /* Build configuration list for PBXNativeTarget "Joke Generator" */ = {
			isa = XCConfigurationList;
			buildConfigurations = (
				14A9AD981C9A074A0093B519 /* Debug */,
				14A9AD991C9A074A0093B519 /* Release */,
			);
			defaultConfigurationIsVisible = 0;
		};
		14A9AD9A1C9A074A0093B519 /* Build configuration list for PBXNativeTarget "Joke GeneratorTests" */ = {
			isa = XCConfigurationList;
			buildConfigurations = (
				14A9AD9B1C9A074A0093B519 /* Debug */,
				14A9AD9C1C9A074A0093B519 /* Release */,
			);
			defaultConfigurationIsVisible = 0;
		};
		14A9AD9D1C9A074A0093B519 /* Build configuration list for PBXNativeTarget "Joke GeneratorUITests" */ = {
			isa = XCConfigurationList;
			buildConfigurations = (
				14A9AD9E1C9A074A0093B519 /* Debug */,
				14A9AD9F1C9A074A0093B519 /* Release */,
			);
			defaultConfigurationIsVisible = 0;
		};
/* End XCConfigurationList section */
	};
	rootObject = 14A9AD621C9A074A0093B519 /* Project object */;
}
